// !$*UTF8*$!
{
	archiveVersion = 1;
	classes = {
	};
	objectVersion = 46;
	objects = {

/* Begin PBXBuildFile section */
		1A5471461B1E956E001143F4 /* AppDelegate.swift in Sources */ = {isa = PBXBuildFile; fileRef = 1A5471451B1E956E001143F4 /* AppDelegate.swift */; };
		1A5471481B1E956E001143F4 /* ViewController.swift in Sources */ = {isa = PBXBuildFile; fileRef = 1A5471471B1E956E001143F4 /* ViewController.swift */; };
		1A54714B1B1E956E001143F4 /* Main.storyboard in Resources */ = {isa = PBXBuildFile; fileRef = 1A5471491B1E956E001143F4 /* Main.storyboard */; };
		1A54714D1B1E956E001143F4 /* Images.xcassets in Resources */ = {isa = PBXBuildFile; fileRef = 1A54714C1B1E956E001143F4 /* Images.xcassets */; };
		1A5471501B1E956E001143F4 /* LaunchScreen.xib in Resources */ = {isa = PBXBuildFile; fileRef = 1A54714E1B1E956E001143F4 /* LaunchScreen.xib */; };
		1A54715C1B1E956E001143F4 /* SlidingTransparentMenuMechanicTests.swift in Sources */ = {isa = PBXBuildFile; fileRef = 1A54715B1B1E956E001143F4 /* SlidingTransparentMenuMechanicTests.swift */; };
		1A5471681B1E9661001143F4 /* ENSideMenu.swift in Sources */ = {isa = PBXBuildFile; fileRef = 1A5471661B1E9661001143F4 /* ENSideMenu.swift */; };
		1A5471691B1E9661001143F4 /* ENSideMenuNavigationController.swift in Sources */ = {isa = PBXBuildFile; fileRef = 1A5471671B1E9661001143F4 /* ENSideMenuNavigationController.swift */; };
		1A54716E1B1E990A001143F4 /* MainNavigationController.swift in Sources */ = {isa = PBXBuildFile; fileRef = 1A54716D1B1E990A001143F4 /* MainNavigationController.swift */; };
		1A5471721B1E9C13001143F4 /* MenuTableViewController.swift in Sources */ = {isa = PBXBuildFile; fileRef = 1A5471711B1E9C13001143F4 /* MenuTableViewController.swift */; };
		1A5471741B1E9F4B001143F4 /* AnotherViewController.swift in Sources */ = {isa = PBXBuildFile; fileRef = 1A5471731B1E9F4B001143F4 /* AnotherViewController.swift */; };
/* End PBXBuildFile section */

/* Begin PBXContainerItemProxy section */
		1A5471561B1E956E001143F4 /* PBXContainerItemProxy */ = {
			isa = PBXContainerItemProxy;
			containerPortal = 1A5471381B1E956E001143F4 /* Project object */;
			proxyType = 1;
			remoteGlobalIDString = 1A54713F1B1E956E001143F4;
			remoteInfo = SlidingTransparentMenuMechanic;
		};
/* End PBXContainerItemProxy section */

/* Begin PBXFileReference section */
		1A5471401B1E956E001143F4 /* SlidingTransparentMenuMechanic.app */ = {isa = PBXFileReference; explicitFileType = wrapper.application; includeInIndex = 0; path = SlidingTransparentMenuMechanic.app; sourceTree = BUILT_PRODUCTS_DIR; };
		1A5471441B1E956E001143F4 /* Info.plist */ = {isa = PBXFileReference; lastKnownFileType = text.plist.xml; path = Info.plist; sourceTree = "<group>"; };
		1A5471451B1E956E001143F4 /* AppDelegate.swift */ = {isa = PBXFileReference; lastKnownFileType = sourcecode.swift; path = AppDelegate.swift; sourceTree = "<group>"; };
		1A5471471B1E956E001143F4 /* ViewController.swift */ = {isa = PBXFileReference; lastKnownFileType = sourcecode.swift; path = ViewController.swift; sourceTree = "<group>"; };
		1A54714A1B1E956E001143F4 /* Base */ = {isa = PBXFileReference; lastKnownFileType = file.storyboard; name = Base; path = Base.lproj/Main.storyboard; sourceTree = "<group>"; };
		1A54714C1B1E956E001143F4 /* Images.xcassets */ = {isa = PBXFileReference; lastKnownFileType = folder.assetcatalog; path = Images.xcassets; sourceTree = "<group>"; };
		1A54714F1B1E956E001143F4 /* Base */ = {isa = PBXFileReference; lastKnownFileType = file.xib; name = Base; path = Base.lproj/LaunchScreen.xib; sourceTree = "<group>"; };
		1A5471551B1E956E001143F4 /* SlidingTransparentMenuMechanicTests.xctest */ = {isa = PBXFileReference; explicitFileType = wrapper.cfbundle; includeInIndex = 0; path = SlidingTransparentMenuMechanicTests.xctest; sourceTree = BUILT_PRODUCTS_DIR; };
		1A54715A1B1E956E001143F4 /* Info.plist */ = {isa = PBXFileReference; lastKnownFileType = text.plist.xml; path = Info.plist; sourceTree = "<group>"; };
		1A54715B1B1E956E001143F4 /* SlidingTransparentMenuMechanicTests.swift */ = {isa = PBXFileReference; lastKnownFileType = sourcecode.swift; path = SlidingTransparentMenuMechanicTests.swift; sourceTree = "<group>"; };
		1A5471661B1E9661001143F4 /* ENSideMenu.swift */ = {isa = PBXFileReference; fileEncoding = 4; lastKnownFileType = sourcecode.swift; path = ENSideMenu.swift; sourceTree = "<group>"; };
		1A5471671B1E9661001143F4 /* ENSideMenuNavigationController.swift */ = {isa = PBXFileReference; fileEncoding = 4; lastKnownFileType = sourcecode.swift; path = ENSideMenuNavigationController.swift; sourceTree = "<group>"; };
		1A54716D1B1E990A001143F4 /* MainNavigationController.swift */ = {isa = PBXFileReference; fileEncoding = 4; lastKnownFileType = sourcecode.swift; path = MainNavigationController.swift; sourceTree = "<group>"; };
		1A5471711B1E9C13001143F4 /* MenuTableViewController.swift */ = {isa = PBXFileReference; fileEncoding = 4; lastKnownFileType = sourcecode.swift; path = MenuTableViewController.swift; sourceTree = "<group>"; };
		1A5471731B1E9F4B001143F4 /* AnotherViewController.swift */ = {isa = PBXFileReference; fileEncoding = 4; lastKnownFileType = sourcecode.swift; path = AnotherViewController.swift; sourceTree = "<group>"; };
/* End PBXFileReference section */

/* Begin PBXFrameworksBuildPhase section */
		1A54713D1B1E956E001143F4 /* Frameworks */ = {
			isa = PBXFrameworksBuildPhase;
			buildActionMask = 2147483647;
			files = (
			);
			runOnlyForDeploymentPostprocessing = 0;
		};
		1A5471521B1E956E001143F4 /* Frameworks */ = {
			isa = PBXFrameworksBuildPhase;
			buildActionMask = 2147483647;
			files = (
			);
			runOnlyForDeploymentPostprocessing = 0;
		};
/* End PBXFrameworksBuildPhase section */

/* Begin PBXGroup section */
		1A5471371B1E956E001143F4 = {
			isa = PBXGroup;
			children = (
				1A5471421B1E956E001143F4 /* SlidingTransparentMenuMechanic */,
				1A5471581B1E956E001143F4 /* SlidingTransparentMenuMechanicTests */,
				1A5471411B1E956E001143F4 /* Products */,
			);
			sourceTree = "<group>";
		};
		1A5471411B1E956E001143F4 /* Products */ = {
			isa = PBXGroup;
			children = (
				1A5471401B1E956E001143F4 /* SlidingTransparentMenuMechanic.app */,
				1A5471551B1E956E001143F4 /* SlidingTransparentMenuMechanicTests.xctest */,
			);
			name = Products;
			sourceTree = "<group>";
		};
		1A5471421B1E956E001143F4 /* SlidingTransparentMenuMechanic */ = {
			isa = PBXGroup;
			children = (
				1A54716A1B1E9668001143F4 /* Library */,
				1A5471651B1E9621001143F4 /* Controllers */,
				1A5471451B1E956E001143F4 /* AppDelegate.swift */,
				1A5471491B1E956E001143F4 /* Main.storyboard */,
				1A54714C1B1E956E001143F4 /* Images.xcassets */,
				1A54714E1B1E956E001143F4 /* LaunchScreen.xib */,
				1A5471431B1E956E001143F4 /* Supporting Files */,
			);
			path = SlidingTransparentMenuMechanic;
			sourceTree = "<group>";
		};
		1A5471431B1E956E001143F4 /* Supporting Files */ = {
			isa = PBXGroup;
			children = (
				1A5471441B1E956E001143F4 /* Info.plist */,
			);
			name = "Supporting Files";
			sourceTree = "<group>";
		};
		1A5471581B1E956E001143F4 /* SlidingTransparentMenuMechanicTests */ = {
			isa = PBXGroup;
			children = (
				1A54715B1B1E956E001143F4 /* SlidingTransparentMenuMechanicTests.swift */,
				1A5471591B1E956E001143F4 /* Supporting Files */,
			);
			path = SlidingTransparentMenuMechanicTests;
			sourceTree = "<group>";
		};
		1A5471591B1E956E001143F4 /* Supporting Files */ = {
			isa = PBXGroup;
			children = (
				1A54715A1B1E956E001143F4 /* Info.plist */,
			);
			name = "Supporting Files";
			sourceTree = "<group>";
		};
		1A5471651B1E9621001143F4 /* Controllers */ = {
			isa = PBXGroup;
			children = (
				1A5471471B1E956E001143F4 /* ViewController.swift */,
				1A54716D1B1E990A001143F4 /* MainNavigationController.swift */,
				1A5471711B1E9C13001143F4 /* MenuTableViewController.swift */,
				1A5471731B1E9F4B001143F4 /* AnotherViewController.swift */,
			);
			name = Controllers;
			sourceTree = "<group>";
		};
		1A54716A1B1E9668001143F4 /* Library */ = {
			isa = PBXGroup;
			children = (
				1A5471661B1E9661001143F4 /* ENSideMenu.swift */,
				1A5471671B1E9661001143F4 /* ENSideMenuNavigationController.swift */,
			);
			name = Library;
			sourceTree = "<group>";
		};
/* End PBXGroup section */

/* Begin PBXNativeTarget section */
		1A54713F1B1E956E001143F4 /* SlidingTransparentMenuMechanic */ = {
			isa = PBXNativeTarget;
			buildConfigurationList = 1A54715F1B1E956E001143F4 /* Build configuration list for PBXNativeTarget "SlidingTransparentMenuMechanic" */;
			buildPhases = (
				1A54713C1B1E956E001143F4 /* Sources */,
				1A54713D1B1E956E001143F4 /* Frameworks */,
				1A54713E1B1E956E001143F4 /* Resources */,
			);
			buildRules = (
			);
			dependencies = (
			);
			name = SlidingTransparentMenuMechanic;
			productName = SlidingTransparentMenuMechanic;
			productReference = 1A5471401B1E956E001143F4 /* SlidingTransparentMenuMechanic.app */;
			productType = "com.apple.product-type.application";
		};
		1A5471541B1E956E001143F4 /* SlidingTransparentMenuMechanicTests */ = {
			isa = PBXNativeTarget;
			buildConfigurationList = 1A5471621B1E956E001143F4 /* Build configuration list for PBXNativeTarget "SlidingTransparentMenuMechanicTests" */;
			buildPhases = (
				1A5471511B1E956E001143F4 /* Sources */,
				1A5471521B1E956E001143F4 /* Frameworks */,
				1A5471531B1E956E001143F4 /* Resources */,
			);
			buildRules = (
			);
			dependencies = (
				1A5471571B1E956E001143F4 /* PBXTargetDependency */,
			);
			name = SlidingTransparentMenuMechanicTests;
			productName = SlidingTransparentMenuMechanicTests;
			productReference = 1A5471551B1E956E001143F4 /* SlidingTransparentMenuMechanicTests.xctest */;
			productType = "com.apple.product-type.bundle.unit-test";
		};
/* End PBXNativeTarget section */

/* Begin PBXProject section */
		1A5471381B1E956E001143F4 /* Project object */ = {
			isa = PBXProject;
			attributes = {
				LastUpgradeCheck = 0630;
				ORGANIZATIONNAME = "Yung Dai";
				TargetAttributes = {
					1A54713F1B1E956E001143F4 = {
						CreatedOnToolsVersion = 6.3.2;
					};
					1A5471541B1E956E001143F4 = {
						CreatedOnToolsVersion = 6.3.2;
						TestTargetID = 1A54713F1B1E956E001143F4;
					};
				};
			};
			buildConfigurationList = 1A54713B1B1E956E001143F4 /* Build configuration list for PBXProject "SlidingTransparentMenuMechanic" */;
			compatibilityVersion = "Xcode 3.2";
			developmentRegion = English;
			hasScannedForEncodings = 0;
			knownRegions = (
				en,
				Base,
			);
			mainGroup = 1A5471371B1E956E001143F4;
			productRefGroup = 1A5471411B1E956E001143F4 /* Products */;
			projectDirPath = "";
			projectRoot = "";
			targets = (
				1A54713F1B1E956E001143F4 /* SlidingTransparentMenuMechanic */,
				1A5471541B1E956E001143F4 /* SlidingTransparentMenuMechanicTests */,
			);
		};
/* End PBXProject section */

/* Begin PBXResourcesBuildPhase section */
		1A54713E1B1E956E001143F4 /* Resources */ = {
			isa = PBXResourcesBuildPhase;
			buildActionMask = 2147483647;
			files = (
				1A54714B1B1E956E001143F4 /* Main.storyboard in Resources */,
				1A5471501B1E956E001143F4 /* LaunchScreen.xib in Resources */,
				1A54714D1B1E956E001143F4 /* Images.xcassets in Resources */,
			);
			runOnlyForDeploymentPostprocessing = 0;
		};
		1A5471531B1E956E001143F4 /* Resources */ = {
			isa = PBXResourcesBuildPhase;
			buildActionMask = 2147483647;
			files = (
			);
			runOnlyForDeploymentPostprocessing = 0;
		};
/* End PBXResourcesBuildPhase section */

/* Begin PBXSourcesBuildPhase section */
		1A54713C1B1E956E001143F4 /* Sources */ = {
			isa = PBXSourcesBuildPhase;
			buildActionMask = 2147483647;
			files = (
				1A54716E1B1E990A001143F4 /* MainNavigationController.swift in Sources */,
				1A5471691B1E9661001143F4 /* ENSideMenuNavigationController.swift in Sources */,
				1A5471721B1E9C13001143F4 /* MenuTableViewController.swift in Sources */,
				1A5471741B1E9F4B001143F4 /* AnotherViewController.swift in Sources */,
				1A5471681B1E9661001143F4 /* ENSideMenu.swift in Sources */,
				1A5471481B1E956E001143F4 /* ViewController.swift in Sources */,
				1A5471461B1E956E001143F4 /* AppDelegate.swift in Sources */,
			);
			runOnlyForDeploymentPostprocessing = 0;
		};
		1A5471511B1E956E001143F4 /* Sources */ = {
			isa = PBXSourcesBuildPhase;
			buildActionMask = 2147483647;
			files = (
				1A54715C1B1E956E001143F4 /* SlidingTransparentMenuMechanicTests.swift in Sources */,
			);
			runOnlyForDeploymentPostprocessing = 0;
		};
/* End PBXSourcesBuildPhase section */

/* Begin PBXTargetDependency section */
		1A5471571B1E956E001143F4 /* PBXTargetDependency */ = {
			isa = PBXTargetDependency;
			target = 1A54713F1B1E956E001143F4 /* SlidingTransparentMenuMechanic */;
			targetProxy = 1A5471561B1E956E001143F4 /* PBXContainerItemProxy */;
		};
/* End PBXTargetDependency section */

/* Begin PBXVariantGroup section */
		1A5471491B1E956E001143F4 /* Main.storyboard */ = {
			isa = PBXVariantGroup;
			children = (
				1A54714A1B1E956E001143F4 /* Base */,
			);
			name = Main.storyboard;
			sourceTree = "<group>";
		};
		1A54714E1B1E956E001143F4 /* LaunchScreen.xib */ = {
			isa = PBXVariantGroup;
			children = (
				1A54714F1B1E956E001143F4 /* Base */,
			);
			name = LaunchScreen.xib;
			sourceTree = "<group>";
		};
/* End PBXVariantGroup section */

/* Begin XCBuildConfiguration section */
		1A54715D1B1E956E001143F4 /* Debug */ = {
			isa = XCBuildConfiguration;
			buildSettings = {
				ALWAYS_SEARCH_USER_PATHS = NO;
				CLANG_CXX_LANGUAGE_STANDARD = "gnu++0x";
				CLANG_CXX_LIBRARY = "libc++";
				CLANG_ENABLE_MODULES = YES;
				CLANG_ENABLE_OBJC_ARC = YES;
				CLANG_WARN_BOOL_CONVERSION = YES;
				CLANG_WARN_CONSTANT_CONVERSION = YES;
				CLANG_WARN_DIRECT_OBJC_ISA_USAGE = YES_ERROR;
				CLANG_WARN_EMPTY_BODY = YES;
				CLANG_WARN_ENUM_CONVERSION = YES;
				CLANG_WARN_INT_CONVERSION = YES;
				CLANG_WARN_OBJC_ROOT_CLASS = YES_ERROR;
				CLANG_WARN_UNREACHABLE_CODE = YES;
				CLANG_WARN__DUPLICATE_METHOD_MATCH = YES;
				"CODE_SIGN_IDENTITY[sdk=iphoneos*]" = "iPhone Developer";
				COPY_PHASE_STRIP = NO;
				DEBUG_INFORMATION_FORMAT = "dwarf-with-dsym";
				ENABLE_STRICT_OBJC_MSGSEND = YES;
				GCC_C_LANGUAGE_STANDARD = gnu99;
				GCC_DYNAMIC_NO_PIC = NO;
				GCC_NO_COMMON_BLOCKS = YES;
				GCC_OPTIMIZATION_LEVEL = 0;
				GCC_PREPROCESSOR_DEFINITIONS = (
					"DEBUG=1",
					"$(inherited)",
				);
				GCC_SYMBOLS_PRIVATE_EXTERN = NO;
				GCC_WARN_64_TO_32_BIT_CONVERSION = YES;
				GCC_WARN_ABOUT_RETURN_TYPE = YES_ERROR;
				GCC_WARN_UNDECLARED_SELECTOR = YES;
				GCC_WARN_UNINITIALIZED_AUTOS = YES_AGGRESSIVE;
				GCC_WARN_UNUSED_FUNCTION = YES;
				GCC_WARN_UNUSED_VARIABLE = YES;
				IPHONEOS_DEPLOYMENT_TARGET = 8.3;
				MTL_ENABLE_DEBUG_INFO = YES;
				ONLY_ACTIVE_ARCH = YES;
				SDKROOT = iphoneos;
				SWIFT_OPTIMIZATION_LEVEL = "-Onone";
				TARGETED_DEVICE_FAMILY = "1,2";
			};
			name = Debug;
		};
		1A54715E1B1E956E001143F4 /* Release */ = {
			isa = XCBuildConfiguration;
			buildSettings = {
				ALWAYS_SEARCH_USER_PATHS = NO;
				CLANG_CXX_LANGUAGE_STANDARD = "gnu++0x";
				CLANG_CXX_LIBRARY = "libc++";
				CLANG_ENABLE_MODULES = YES;
				CLANG_ENABLE_OBJC_ARC = YES;
				CLANG_WARN_BOOL_CONVERSION = YES;
				CLANG_WARN_CONSTANT_CONVERSION = YES;
				CLANG_WARN_DIRECT_OBJC_ISA_USAGE = YES_ERROR;
				CLANG_WARN_EMPTY_BODY = YES;
				CLANG_WARN_ENUM_CONVERSION = YES;
				CLANG_WARN_INT_CONVERSION = YES;
				CLANG_WARN_OBJC_ROOT_CLASS = YES_ERROR;
				CLANG_WARN_UNREACHABLE_CODE = YES;
				CLANG_WARN__DUPLICATE_METHOD_MATCH = YES;
				"CODE_SIGN_IDENTITY[sdk=iphoneos*]" = "iPhone Developer";
				COPY_PHASE_STRIP = NO;
				DEBUG_INFORMATION_FORMAT = "dwarf-with-dsym";
				ENABLE_NS_ASSERTIONS = NO;
				ENABLE_STRICT_OBJC_MSGSEND = YES;
				GCC_C_LANGUAGE_STANDARD = gnu99;
				GCC_NO_COMMON_BLOCKS = YES;
				GCC_WARN_64_TO_32_BIT_CONVERSION = YES;
				GCC_WARN_ABOUT_RETURN_TYPE = YES_ERROR;
				GCC_WARN_UNDECLARED_SELECTOR = YES;
				GCC_WARN_UNINITIALIZED_AUTOS = YES_AGGRESSIVE;
				GCC_WARN_UNUSED_FUNCTION = YES;
				GCC_WARN_UNUSED_VARIABLE = YES;
				IPHONEOS_DEPLOYMENT_TARGET = 8.3;
				MTL_ENABLE_DEBUG_INFO = NO;
				SDKROOT = iphoneos;
				TARGETED_DEVICE_FAMILY = "1,2";
				VALIDATE_PRODUCT = YES;
			};
			name = Release;
		};
		1A5471601B1E956E001143F4 /* Debug */ = {
			isa = XCBuildConfiguration;
			buildSettings = {
				ASSETCATALOG_COMPILER_APPICON_NAME = AppIcon;
				INFOPLIST_FILE = SlidingTransparentMenuMechanic/Info.plist;
				LD_RUNPATH_SEARCH_PATHS = "$(inherited) @executable_path/Frameworks";
				PRODUCT_NAME = "$(TARGET_NAME)";
			};
			name = Debug;
		};
		1A5471611B1E956E001143F4 /* Release */ = {
			isa = XCBuildConfiguration;
			buildSettings = {
				ASSETCATALOG_COMPILER_APPICON_NAME = AppIcon;
				INFOPLIST_FILE = SlidingTransparentMenuMechanic/Info.plist;
				LD_RUNPATH_SEARCH_PATHS = "$(inherited) @executable_path/Frameworks";
				PRODUCT_NAME = "$(TARGET_NAME)";
			};
			name = Release;
		};
		1A5471631B1E956E001143F4 /* Debug */ = {
			isa = XCBuildConfiguration;
			buildSettings = {
				BUNDLE_LOADER = "$(TEST_HOST)";
				FRAMEWORK_SEARCH_PATHS = (
					"$(SDKROOT)/Developer/Library/Frameworks",
					"$(inherited)",
				);
				GCC_PREPROCESSOR_DEFINITIONS = (
					"DEBUG=1",
					"$(inherited)",
				);
				INFOPLIST_FILE = SlidingTransparentMenuMechanicTests/Info.plist;
				LD_RUNPATH_SEARCH_PATHS = "$(inherited) @executable_path/Frameworks @loader_path/Frameworks";
				PRODUCT_NAME = "$(TARGET_NAME)";
				TEST_HOST = "$(BUILT_PRODUCTS_DIR)/SlidingTransparentMenuMechanic.app/SlidingTransparentMenuMechanic";
			};
			name = Debug;
		};
		1A5471641B1E956E001143F4 /* Release */ = {
			isa = XCBuildConfiguration;
			buildSettings = {
				BUNDLE_LOADER = "$(TEST_HOST)";
				FRAMEWORK_SEARCH_PATHS = (
					"$(SDKROOT)/Developer/Library/Frameworks",
					"$(inherited)",
				);
				INFOPLIST_FILE = SlidingTransparentMenuMechanicTests/Info.plist;
				LD_RUNPATH_SEARCH_PATHS = "$(inherited) @executable_path/Frameworks @loader_path/Frameworks";
				PRODUCT_NAME = "$(TARGET_NAME)";
				TEST_HOST = "$(BUILT_PRODUCTS_DIR)/SlidingTransparentMenuMechanic.app/SlidingTransparentMenuMechanic";
			};
			name = Release;
		};
/* End XCBuildConfiguration section */

/* Begin XCConfigurationList section */
		1A54713B1B1E956E001143F4 /* Build configuration list for PBXProject "SlidingTransparentMenuMechanic" */ = {
			isa = XCConfigurationList;
			buildConfigurations = (
				1A54715D1B1E956E001143F4 /* Debug */,
				1A54715E1B1E956E001143F4 /* Release */,
			);
			defaultConfigurationIsVisible = 0;
			defaultConfigurationName = Release;
		};
		1A54715F1B1E956E001143F4 /* Build configuration list for PBXNativeTarget "SlidingTransparentMenuMechanic" */ = {
			isa = XCConfigurationList;
			buildConfigurations = (
				1A5471601B1E956E001143F4 /* Debug */,
				1A5471611B1E956E001143F4 /* Release */,
			);
			defaultConfigurationIsVisible = 0;
		};
		1A5471621B1E956E001143F4 /* Build configuration list for PBXNativeTarget "SlidingTransparentMenuMechanicTests" */ = {
			isa = XCConfigurationList;
			buildConfigurations = (
				1A5471631B1E956E001143F4 /* Debug */,
				1A5471641B1E956E001143F4 /* Release */,
			);
			defaultConfigurationIsVisible = 0;
		};
/* End XCConfigurationList section */
	};
	rootObject = 1A5471381B1E956E001143F4 /* Project object */;
}
